
Microsoft Visual Studio Solution File, Format Version 12.00
# Visual Studio Version 17
VisualStudioVersion = 17.12.35707.178
MinimumVisualStudioVersion = 10.0.40219.1
Project("{FAE04EC0-301F-11D3-BF4B-00C04F79EFBC}") = "MagicConch.Browser", "MagicConch\MagicConch.Browser\MagicConch.Browser.csproj", "{3CB2C723-633B-497E-A030-CA6E9756D22A}"
EndProject
Project("{FAE04EC0-301F-11D3-BF4B-00C04F79EFBC}") = "MagicConch", "MagicConch\MagicConch\MagicConch.csproj", "{2F1AAC3D-4EC4-498E-A2E9-5C23802E6FC8}"
EndProject
Project("{FAE04EC0-301F-11D3-BF4B-00C04F79EFBC}") = "MagicConch.Simulator", "MagicConch\MagicConch.Simulator\MagicConch.Simulator.csproj", "{E62AFCCB-DFDD-4248-9212-57072044DC1B}"
EndProject
Project("{2150E333-8FDC-42A3-9474-1A3956D46DE8}") = "Platform", "Platform", "{379E1148-2575-4726-A2C3-3B7C26185087}"
EndProject
Project("{FAE04EC0-301F-11D3-BF4B-00C04F79EFBC}") = "MagicConch.Core", "MagicConch.Core\MagicConch.Core.csproj", "{86F448EA-06E2-4A94-96B6-CB23694903F6}"
EndProject
Project("{FAE04EC0-301F-11D3-BF4B-00C04F79EFBC}") = "MagicConch.Support", "MagicConch.Support\MagicConch.Support.csproj", "{4B7D6C9E-1636-4492-A222-940888177E94}"
EndProject
Global
	GlobalSection(SolutionConfigurationPlatforms) = preSolution
		Debug|Any CPU = Debug|Any CPU
		Release|Any CPU = Release|Any CPU
	EndGlobalSection
	GlobalSection(ProjectConfigurationPlatforms) = postSolution
		{3CB2C723-633B-497E-A030-CA6E9756D22A}.Debug|Any CPU.ActiveCfg = Debug|Any CPU
		{3CB2C723-633B-497E-A030-CA6E9756D22A}.Debug|Any CPU.Build.0 = Debug|Any CPU
		{3CB2C723-633B-497E-A030-CA6E9756D22A}.Release|Any CPU.ActiveCfg = Release|Any CPU
		{3CB2C723-633B-497E-A030-CA6E9756D22A}.Release|Any CPU.Build.0 = Release|Any CPU
		{2F1AAC3D-4EC4-498E-A2E9-5C23802E6FC8}.Debug|Any CPU.ActiveCfg = Debug|Any CPU
		{2F1AAC3D-4EC4-498E-A2E9-5C23802E6FC8}.Debug|Any CPU.Build.0 = Debug|Any CPU
		{2F1AAC3D-4EC4-498E-A2E9-5C23802E6FC8}.Release|Any CPU.ActiveCfg = Release|Any CPU
		{2F1AAC3D-4EC4-498E-A2E9-5C23802E6FC8}.Release|Any CPU.Build.0 = Release|Any CPU
		{E62AFCCB-DFDD-4248-9212-57072044DC1B}.Debug|Any CPU.ActiveCfg = Debug|Any CPU
		{E62AFCCB-DFDD-4248-9212-57072044DC1B}.Debug|Any CPU.Build.0 = Debug|Any CPU
		{E62AFCCB-DFDD-4248-9212-57072044DC1B}.Release|Any CPU.ActiveCfg = Release|Any CPU
		{E62AFCCB-DFDD-4248-9212-57072044DC1B}.Release|Any CPU.Build.0 = Release|Any CPU
		{86F448EA-06E2-4A94-96B6-CB23694903F6}.Debug|Any CPU.ActiveCfg = Debug|Any CPU
		{86F448EA-06E2-4A94-96B6-CB23694903F6}.Debug|Any CPU.Build.0 = Debug|Any CPU
		{86F448EA-06E2-4A94-96B6-CB23694903F6}.Release|Any CPU.ActiveCfg = Release|Any CPU
		{86F448EA-06E2-4A94-96B6-CB23694903F6}.Release|Any CPU.Build.0 = Release|Any CPU
		{4B7D6C9E-1636-4492-A222-940888177E94}.Debug|Any CPU.ActiveCfg = Debug|Any CPU
		{4B7D6C9E-1636-4492-A222-940888177E94}.Debug|Any CPU.Build.0 = Debug|Any CPU
		{4B7D6C9E-1636-4492-A222-940888177E94}.Release|Any CPU.ActiveCfg = Release|Any CPU
		{4B7D6C9E-1636-4492-A222-940888177E94}.Release|Any CPU.Build.0 = Release|Any CPU
	EndGlobalSection
	GlobalSection(SolutionProperties) = preSolution
		HideSolutionNode = FALSE
	EndGlobalSection
	GlobalSection(NestedProjects) = preSolution
		{3CB2C723-633B-497E-A030-CA6E9756D22A} = {379E1148-2575-4726-A2C3-3B7C26185087}
		{E62AFCCB-DFDD-4248-9212-57072044DC1B} = {379E1148-2575-4726-A2C3-3B7C26185087}
	EndGlobalSection
EndGlobal
